
Microsoft Visual Studio Solution File, Format Version 12.00
# Visual Studio Version 17
VisualStudioVersion = 17.9.34616.47
MinimumVisualStudioVersion = 10.0.40219.1
Project("{FAE04EC0-301F-11D3-BF4B-00C04F79EFBC}") = "tpmodul8_1302223028", "tpmodul8_1302223028\tpmodul8_1302223028.csproj", "{9DD3BA4D-5A38-4CF7-A4E1-95E0B9266E23}"
EndProject
Global
	GlobalSection(SolutionConfigurationPlatforms) = preSolution
		Debug|Any CPU = Debug|Any CPU
		Release|Any CPU = Release|Any CPU
	EndGlobalSection
	GlobalSection(ProjectConfigurationPlatforms) = postSolution
		{9DD3BA4D-5A38-4CF7-A4E1-95E0B9266E23}.Debug|Any CPU.ActiveCfg = Debug|Any CPU
		{9DD3BA4D-5A38-4CF7-A4E1-95E0B9266E23}.Debug|Any CPU.Build.0 = Debug|Any CPU
		{9DD3BA4D-5A38-4CF7-A4E1-95E0B9266E23}.Release|Any CPU.ActiveCfg = Release|Any CPU
		{9DD3BA4D-5A38-4CF7-A4E1-95E0B9266E23}.Release|Any CPU.Build.0 = Release|Any CPU
	EndGlobalSection
	GlobalSection(SolutionProperties) = preSolution
		HideSolutionNode = FALSE
	EndGlobalSection
	GlobalSection(ExtensibilityGlobals) = postSolution
		SolutionGuid = {DF7C1752-4510-4D25-9C89-1BF9A6A0529E}
	EndGlobalSection
EndGlobal
